// !$*UTF8*$!
{
	archiveVersion = 1;
	classes = {
	};
	objectVersion = 56;
	objects = {

/* Begin PBXBuildFile section */
		69066A3629CD9B0100BB9512 /* AppDelegate.swift in Sources */ = {isa = PBXBuildFile; fileRef = 69066A3529CD9B0100BB9512 /* AppDelegate.swift */; };
		69066A3829CD9B0100BB9512 /* SceneDelegate.swift in Sources */ = {isa = PBXBuildFile; fileRef = 69066A3729CD9B0100BB9512 /* SceneDelegate.swift */; };
		69066A3D29CD9B0100BB9512 /* Main.storyboard in Resources */ = {isa = PBXBuildFile; fileRef = 69066A3B29CD9B0100BB9512 /* Main.storyboard */; };
		69066A3F29CD9B0200BB9512 /* Assets.xcassets in Resources */ = {isa = PBXBuildFile; fileRef = 69066A3E29CD9B0200BB9512 /* Assets.xcassets */; };
		69066A4229CD9B0200BB9512 /* LaunchScreen.storyboard in Resources */ = {isa = PBXBuildFile; fileRef = 69066A4029CD9B0200BB9512 /* LaunchScreen.storyboard */; };
		69066A4D29CD9B0200BB9512 /* Kadai7_UIkitTests.swift in Sources */ = {isa = PBXBuildFile; fileRef = 69066A4C29CD9B0200BB9512 /* Kadai7_UIkitTests.swift */; };
		69066A5729CD9B0200BB9512 /* Kadai7_UIkitUITests.swift in Sources */ = {isa = PBXBuildFile; fileRef = 69066A5629CD9B0200BB9512 /* Kadai7_UIkitUITests.swift */; };
		69066A5929CD9B0200BB9512 /* Kadai7_UIkitUITestsLaunchTests.swift in Sources */ = {isa = PBXBuildFile; fileRef = 69066A5829CD9B0200BB9512 /* Kadai7_UIkitUITestsLaunchTests.swift */; };
		69066A6A29CF096F00BB9512 /* PickViewController.swift in Sources */ = {isa = PBXBuildFile; fileRef = 69066A6929CF096F00BB9512 /* PickViewController.swift */; };
		69066A6C29CF09A200BB9512 /* GreenViewController.swift in Sources */ = {isa = PBXBuildFile; fileRef = 69066A6B29CF09A200BB9512 /* GreenViewController.swift */; };
		69066A6E29CF09B300BB9512 /* OrangeViewController.swift in Sources */ = {isa = PBXBuildFile; fileRef = 69066A6D29CF09B300BB9512 /* OrangeViewController.swift */; };
/* End PBXBuildFile section */

/* Begin PBXContainerItemProxy section */
		69066A4929CD9B0200BB9512 /* PBXContainerItemProxy */ = {
			isa = PBXContainerItemProxy;
			containerPortal = 69066A2A29CD9B0100BB9512 /* Project object */;
			proxyType = 1;
			remoteGlobalIDString = 69066A3129CD9B0100BB9512;
			remoteInfo = "Kadai7-UIkit";
		};
		69066A5329CD9B0200BB9512 /* PBXContainerItemProxy */ = {
			isa = PBXContainerItemProxy;
			containerPortal = 69066A2A29CD9B0100BB9512 /* Project object */;
			proxyType = 1;
			remoteGlobalIDString = 69066A3129CD9B0100BB9512;
			remoteInfo = "Kadai7-UIkit";
		};
/* End PBXContainerItemProxy section */

/* Begin PBXFileReference section */
		69066A3229CD9B0100BB9512 /* Kadai7-UIkit.app */ = {isa = PBXFileReference; explicitFileType = wrapper.application; includeInIndex = 0; path = "Kadai7-UIkit.app"; sourceTree = BUILT_PRODUCTS_DIR; };
		69066A3529CD9B0100BB9512 /* AppDelegate.swift */ = {isa = PBXFileReference; lastKnownFileType = sourcecode.swift; path = AppDelegate.swift; sourceTree = "<group>"; };
		69066A3729CD9B0100BB9512 /* SceneDelegate.swift */ = {isa = PBXFileReference; lastKnownFileType = sourcecode.swift; path = SceneDelegate.swift; sourceTree = "<group>"; };
		69066A3C29CD9B0100BB9512 /* Base */ = {isa = PBXFileReference; lastKnownFileType = file.storyboard; name = Base; path = Base.lproj/Main.storyboard; sourceTree = "<group>"; };
		69066A3E29CD9B0200BB9512 /* Assets.xcassets */ = {isa = PBXFileReference; lastKnownFileType = folder.assetcatalog; path = Assets.xcassets; sourceTree = "<group>"; };
		69066A4129CD9B0200BB9512 /* Base */ = {isa = PBXFileReference; lastKnownFileType = file.storyboard; name = Base; path = Base.lproj/LaunchScreen.storyboard; sourceTree = "<group>"; };
		69066A4329CD9B0200BB9512 /* Info.plist */ = {isa = PBXFileReference; lastKnownFileType = text.plist.xml; path = Info.plist; sourceTree = "<group>"; };
		69066A4829CD9B0200BB9512 /* Kadai7-UIkitTests.xctest */ = {isa = PBXFileReference; explicitFileType = wrapper.cfbundle; includeInIndex = 0; path = "Kadai7-UIkitTests.xctest"; sourceTree = BUILT_PRODUCTS_DIR; };
		69066A4C29CD9B0200BB9512 /* Kadai7_UIkitTests.swift */ = {isa = PBXFileReference; lastKnownFileType = sourcecode.swift; path = Kadai7_UIkitTests.swift; sourceTree = "<group>"; };
		69066A5229CD9B0200BB9512 /* Kadai7-UIkitUITests.xctest */ = {isa = PBXFileReference; explicitFileType = wrapper.cfbundle; includeInIndex = 0; path = "Kadai7-UIkitUITests.xctest"; sourceTree = BUILT_PRODUCTS_DIR; };
		69066A5629CD9B0200BB9512 /* Kadai7_UIkitUITests.swift */ = {isa = PBXFileReference; lastKnownFileType = sourcecode.swift; path = Kadai7_UIkitUITests.swift; sourceTree = "<group>"; };
		69066A5829CD9B0200BB9512 /* Kadai7_UIkitUITestsLaunchTests.swift */ = {isa = PBXFileReference; lastKnownFileType = sourcecode.swift; path = Kadai7_UIkitUITestsLaunchTests.swift; sourceTree = "<group>"; };
		69066A6929CF096F00BB9512 /* PickViewController.swift */ = {isa = PBXFileReference; lastKnownFileType = sourcecode.swift; path = PickViewController.swift; sourceTree = "<group>"; };
		69066A6B29CF09A200BB9512 /* GreenViewController.swift */ = {isa = PBXFileReference; lastKnownFileType = sourcecode.swift; path = GreenViewController.swift; sourceTree = "<group>"; };
		69066A6D29CF09B300BB9512 /* OrangeViewController.swift */ = {isa = PBXFileReference; lastKnownFileType = sourcecode.swift; path = OrangeViewController.swift; sourceTree = "<group>"; };
/* End PBXFileReference section */

/* Begin PBXFrameworksBuildPhase section */
		69066A2F29CD9B0100BB9512 /* Frameworks */ = {
			isa = PBXFrameworksBuildPhase;
			buildActionMask = 2147483647;
			files = (
			);
			runOnlyForDeploymentPostprocessing = 0;
		};
		69066A4529CD9B0200BB9512 /* Frameworks */ = {
			isa = PBXFrameworksBuildPhase;
			buildActionMask = 2147483647;
			files = (
			);
			runOnlyForDeploymentPostprocessing = 0;
		};
		69066A4F29CD9B0200BB9512 /* Frameworks */ = {
			isa = PBXFrameworksBuildPhase;
			buildActionMask = 2147483647;
			files = (
			);
			runOnlyForDeploymentPostprocessing = 0;
		};
/* End PBXFrameworksBuildPhase section */

/* Begin PBXGroup section */
		69066A2929CD9B0100BB9512 = {
			isa = PBXGroup;
			children = (
				69066A3429CD9B0100BB9512 /* Kadai7-UIkit */,
				69066A4B29CD9B0200BB9512 /* Kadai7-UIkitTests */,
				69066A5529CD9B0200BB9512 /* Kadai7-UIkitUITests */,
				69066A3329CD9B0100BB9512 /* Products */,
			);
			sourceTree = "<group>";
		};
		69066A3329CD9B0100BB9512 /* Products */ = {
			isa = PBXGroup;
			children = (
				69066A3229CD9B0100BB9512 /* Kadai7-UIkit.app */,
				69066A4829CD9B0200BB9512 /* Kadai7-UIkitTests.xctest */,
				69066A5229CD9B0200BB9512 /* Kadai7-UIkitUITests.xctest */,
			);
			name = Products;
			sourceTree = "<group>";
		};
		69066A3429CD9B0100BB9512 /* Kadai7-UIkit */ = {
			isa = PBXGroup;
			children = (
				69066A3529CD9B0100BB9512 /* AppDelegate.swift */,
				69066A3729CD9B0100BB9512 /* SceneDelegate.swift */,
				69066A3B29CD9B0100BB9512 /* Main.storyboard */,
				69066A6929CF096F00BB9512 /* PickViewController.swift */,
				69066A6B29CF09A200BB9512 /* GreenViewController.swift */,
				69066A6D29CF09B300BB9512 /* OrangeViewController.swift */,
				69066A3E29CD9B0200BB9512 /* Assets.xcassets */,
				69066A4029CD9B0200BB9512 /* LaunchScreen.storyboard */,
				69066A4329CD9B0200BB9512 /* Info.plist */,
			);
			path = "Kadai7-UIkit";
			sourceTree = "<group>";
		};
		69066A4B29CD9B0200BB9512 /* Kadai7-UIkitTests */ = {
			isa = PBXGroup;
			children = (
				69066A4C29CD9B0200BB9512 /* Kadai7_UIkitTests.swift */,
			);
			path = "Kadai7-UIkitTests";
			sourceTree = "<group>";
		};
		69066A5529CD9B0200BB9512 /* Kadai7-UIkitUITests */ = {
			isa = PBXGroup;
			children = (
				69066A5629CD9B0200BB9512 /* Kadai7_UIkitUITests.swift */,
				69066A5829CD9B0200BB9512 /* Kadai7_UIkitUITestsLaunchTests.swift */,
			);
			path = "Kadai7-UIkitUITests";
			sourceTree = "<group>";
		};
/* End PBXGroup section */

/* Begin PBXNativeTarget section */
		69066A3129CD9B0100BB9512 /* Kadai7-UIkit */ = {
			isa = PBXNativeTarget;
			buildConfigurationList = 69066A5C29CD9B0200BB9512 /* Build configuration list for PBXNativeTarget "Kadai7-UIkit" */;
			buildPhases = (
				69066A2E29CD9B0100BB9512 /* Sources */,
				69066A2F29CD9B0100BB9512 /* Frameworks */,
				69066A3029CD9B0100BB9512 /* Resources */,
			);
			buildRules = (
			);
			dependencies = (
			);
			name = "Kadai7-UIkit";
			productName = "Kadai7-UIkit";
			productReference = 69066A3229CD9B0100BB9512 /* Kadai7-UIkit.app */;
			productType = "com.apple.product-type.application";
		};
		69066A4729CD9B0200BB9512 /* Kadai7-UIkitTests */ = {
			isa = PBXNativeTarget;
			buildConfigurationList = 69066A5F29CD9B0200BB9512 /* Build configuration list for PBXNativeTarget "Kadai7-UIkitTests" */;
			buildPhases = (
				69066A4429CD9B0200BB9512 /* Sources */,
				69066A4529CD9B0200BB9512 /* Frameworks */,
				69066A4629CD9B0200BB9512 /* Resources */,
			);
			buildRules = (
			);
			dependencies = (
				69066A4A29CD9B0200BB9512 /* PBXTargetDependency */,
			);
			name = "Kadai7-UIkitTests";
			productName = "Kadai7-UIkitTests";
			productReference = 69066A4829CD9B0200BB9512 /* Kadai7-UIkitTests.xctest */;
			productType = "com.apple.product-type.bundle.unit-test";
		};
		69066A5129CD9B0200BB9512 /* Kadai7-UIkitUITests */ = {
			isa = PBXNativeTarget;
			buildConfigurationList = 69066A6229CD9B0200BB9512 /* Build configuration list for PBXNativeTarget "Kadai7-UIkitUITests" */;
			buildPhases = (
				69066A4E29CD9B0200BB9512 /* Sources */,
				69066A4F29CD9B0200BB9512 /* Frameworks */,
				69066A5029CD9B0200BB9512 /* Resources */,
			);
			buildRules = (
			);
			dependencies = (
				69066A5429CD9B0200BB9512 /* PBXTargetDependency */,
			);
			name = "Kadai7-UIkitUITests";
			productName = "Kadai7-UIkitUITests";
			productReference = 69066A5229CD9B0200BB9512 /* Kadai7-UIkitUITests.xctest */;
			productType = "com.apple.product-type.bundle.ui-testing";
		};
/* End PBXNativeTarget section */

/* Begin PBXProject section */
		69066A2A29CD9B0100BB9512 /* Project object */ = {
			isa = PBXProject;
			attributes = {
				BuildIndependentTargetsInParallel = 1;
				LastSwiftUpdateCheck = 1420;
				LastUpgradeCheck = 1420;
				TargetAttributes = {
					69066A3129CD9B0100BB9512 = {
						CreatedOnToolsVersion = 14.2;
					};
					69066A4729CD9B0200BB9512 = {
						CreatedOnToolsVersion = 14.2;
						TestTargetID = 69066A3129CD9B0100BB9512;
					};
					69066A5129CD9B0200BB9512 = {
						CreatedOnToolsVersion = 14.2;
						TestTargetID = 69066A3129CD9B0100BB9512;
					};
				};
			};
			buildConfigurationList = 69066A2D29CD9B0100BB9512 /* Build configuration list for PBXProject "Kadai7-UIkit" */;
			compatibilityVersion = "Xcode 14.0";
			developmentRegion = en;
			hasScannedForEncodings = 0;
			knownRegions = (
				en,
				Base,
			);
			mainGroup = 69066A2929CD9B0100BB9512;
			productRefGroup = 69066A3329CD9B0100BB9512 /* Products */;
			projectDirPath = "";
			projectRoot = "";
			targets = (
				69066A3129CD9B0100BB9512 /* Kadai7-UIkit */,
				69066A4729CD9B0200BB9512 /* Kadai7-UIkitTests */,
				69066A5129CD9B0200BB9512 /* Kadai7-UIkitUITests */,
			);
		};
/* End PBXProject section */

/* Begin PBXResourcesBuildPhase section */
		69066A3029CD9B0100BB9512 /* Resources */ = {
			isa = PBXResourcesBuildPhase;
			buildActionMask = 2147483647;
			files = (
				69066A4229CD9B0200BB9512 /* LaunchScreen.storyboard in Resources */,
				69066A3F29CD9B0200BB9512 /* Assets.xcassets in Resources */,
				69066A3D29CD9B0100BB9512 /* Main.storyboard in Resources */,
			);
			runOnlyForDeploymentPostprocessing = 0;
		};
		69066A4629CD9B0200BB9512 /* Resources */ = {
			isa = PBXResourcesBuildPhase;
			buildActionMask = 2147483647;
			files = (
			);
			runOnlyForDeploymentPostprocessing = 0;
		};
		69066A5029CD9B0200BB9512 /* Resources */ = {
			isa = PBXResourcesBuildPhase;
			buildActionMask = 2147483647;
			files = (
			);
			runOnlyForDeploymentPostprocessing = 0;
		};
/* End PBXResourcesBuildPhase section */

/* Begin PBXSourcesBuildPhase section */
		69066A2E29CD9B0100BB9512 /* Sources */ = {
			isa = PBXSourcesBuildPhase;
			buildActionMask = 2147483647;
			files = (
				69066A6C29CF09A200BB9512 /* GreenViewController.swift in Sources */,
				69066A6E29CF09B300BB9512 /* OrangeViewController.swift in Sources */,
				69066A6A29CF096F00BB9512 /* PickViewController.swift in Sources */,
				69066A3629CD9B0100BB9512 /* AppDelegate.swift in Sources */,
				69066A3829CD9B0100BB9512 /* SceneDelegate.swift in Sources */,
			);
			runOnlyForDeploymentPostprocessing = 0;
		};
		69066A4429CD9B0200BB9512 /* Sources */ = {
			isa = PBXSourcesBuildPhase;
			buildActionMask = 2147483647;
			files = (
				69066A4D29CD9B0200BB9512 /* Kadai7_UIkitTests.swift in Sources */,
			);
			runOnlyForDeploymentPostprocessing = 0;
		};
		69066A4E29CD9B0200BB9512 /* Sources */ = {
			isa = PBXSourcesBuildPhase;
			buildActionMask = 2147483647;
			files = (
				69066A5929CD9B0200BB9512 /* Kadai7_UIkitUITestsLaunchTests.swift in Sources */,
				69066A5729CD9B0200BB9512 /* Kadai7_UIkitUITests.swift in Sources */,
			);
			runOnlyForDeploymentPostprocessing = 0;
		};
/* End PBXSourcesBuildPhase section */

/* Begin PBXTargetDependency section */
		69066A4A29CD9B0200BB9512 /* PBXTargetDependency */ = {
			isa = PBXTargetDependency;
			target = 69066A3129CD9B0100BB9512 /* Kadai7-UIkit */;
			targetProxy = 69066A4929CD9B0200BB9512 /* PBXContainerItemProxy */;
		};
		69066A5429CD9B0200BB9512 /* PBXTargetDependency */ = {
			isa = PBXTargetDependency;
			target = 69066A3129CD9B0100BB9512 /* Kadai7-UIkit */;
			targetProxy = 69066A5329CD9B0200BB9512 /* PBXContainerItemProxy */;
		};
/* End PBXTargetDependency section */

/* Begin PBXVariantGroup section */
		69066A3B29CD9B0100BB9512 /* Main.storyboard */ = {
			isa = PBXVariantGroup;
			children = (
				69066A3C29CD9B0100BB9512 /* Base */,
			);
			name = Main.storyboard;
			sourceTree = "<group>";
		};
		69066A4029CD9B0200BB9512 /* LaunchScreen.storyboard */ = {
			isa = PBXVariantGroup;
			children = (
				69066A4129CD9B0200BB9512 /* Base */,
			);
			name = LaunchScreen.storyboard;
			sourceTree = "<group>";
		};
/* End PBXVariantGroup section */

/* Begin XCBuildConfiguration section */
		69066A5A29CD9B0200BB9512 /* Debug */ = {
			isa = XCBuildConfiguration;
			buildSettings = {
				ALWAYS_SEARCH_USER_PATHS = NO;
				CLANG_ANALYZER_NONNULL = YES;
				CLANG_ANALYZER_NUMBER_OBJECT_CONVERSION = YES_AGGRESSIVE;
				CLANG_CXX_LANGUAGE_STANDARD = "gnu++20";
				CLANG_ENABLE_MODULES = YES;
				CLANG_ENABLE_OBJC_ARC = YES;
				CLANG_ENABLE_OBJC_WEAK = YES;
				CLANG_WARN_BLOCK_CAPTURE_AUTORELEASING = YES;
				CLANG_WARN_BOOL_CONVERSION = YES;
				CLANG_WARN_COMMA = YES;
				CLANG_WARN_CONSTANT_CONVERSION = YES;
				CLANG_WARN_DEPRECATED_OBJC_IMPLEMENTATIONS = YES;
				CLANG_WARN_DIRECT_OBJC_ISA_USAGE = YES_ERROR;
				CLANG_WARN_DOCUMENTATION_COMMENTS = YES;
				CLANG_WARN_EMPTY_BODY = YES;
				CLANG_WARN_ENUM_CONVERSION = YES;
				CLANG_WARN_INFINITE_RECURSION = YES;
				CLANG_WARN_INT_CONVERSION = YES;
				CLANG_WARN_NON_LITERAL_NULL_CONVERSION = YES;
				CLANG_WARN_OBJC_IMPLICIT_RETAIN_SELF = YES;
				CLANG_WARN_OBJC_LITERAL_CONVERSION = YES;
				CLANG_WARN_OBJC_ROOT_CLASS = YES_ERROR;
				CLANG_WARN_QUOTED_INCLUDE_IN_FRAMEWORK_HEADER = YES;
				CLANG_WARN_RANGE_LOOP_ANALYSIS = YES;
				CLANG_WARN_STRICT_PROTOTYPES = YES;
				CLANG_WARN_SUSPICIOUS_MOVE = YES;
				CLANG_WARN_UNGUARDED_AVAILABILITY = YES_AGGRESSIVE;
				CLANG_WARN_UNREACHABLE_CODE = YES;
				CLANG_WARN__DUPLICATE_METHOD_MATCH = YES;
				COPY_PHASE_STRIP = NO;
				DEBUG_INFORMATION_FORMAT = dwarf;
				ENABLE_STRICT_OBJC_MSGSEND = YES;
				ENABLE_TESTABILITY = YES;
				GCC_C_LANGUAGE_STANDARD = gnu11;
				GCC_DYNAMIC_NO_PIC = NO;
				GCC_NO_COMMON_BLOCKS = YES;
				GCC_OPTIMIZATION_LEVEL = 0;
				GCC_PREPROCESSOR_DEFINITIONS = (
					"DEBUG=1",
					"$(inherited)",
				);
				GCC_WARN_64_TO_32_BIT_CONVERSION = YES;
				GCC_WARN_ABOUT_RETURN_TYPE = YES_ERROR;
				GCC_WARN_UNDECLARED_SELECTOR = YES;
				GCC_WARN_UNINITIALIZED_AUTOS = YES_AGGRESSIVE;
				GCC_WARN_UNUSED_FUNCTION = YES;
				GCC_WARN_UNUSED_VARIABLE = YES;
				IPHONEOS_DEPLOYMENT_TARGET = 16.2;
				MTL_ENABLE_DEBUG_INFO = INCLUDE_SOURCE;
				MTL_FAST_MATH = YES;
				ONLY_ACTIVE_ARCH = YES;
				SDKROOT = iphoneos;
				SWIFT_ACTIVE_COMPILATION_CONDITIONS = DEBUG;
				SWIFT_OPTIMIZATION_LEVEL = "-Onone";
			};
			name = Debug;
		};
		69066A5B29CD9B0200BB9512 /* Release */ = {
			isa = XCBuildConfiguration;
			buildSettings = {
				ALWAYS_SEARCH_USER_PATHS = NO;
				CLANG_ANALYZER_NONNULL = YES;
				CLANG_ANALYZER_NUMBER_OBJECT_CONVERSION = YES_AGGRESSIVE;
				CLANG_CXX_LANGUAGE_STANDARD = "gnu++20";
				CLANG_ENABLE_MODULES = YES;
				CLANG_ENABLE_OBJC_ARC = YES;
				CLANG_ENABLE_OBJC_WEAK = YES;
				CLANG_WARN_BLOCK_CAPTURE_AUTORELEASING = YES;
				CLANG_WARN_BOOL_CONVERSION = YES;
				CLANG_WARN_COMMA = YES;
				CLANG_WARN_CONSTANT_CONVERSION = YES;
				CLANG_WARN_DEPRECATED_OBJC_IMPLEMENTATIONS = YES;
				CLANG_WARN_DIRECT_OBJC_ISA_USAGE = YES_ERROR;
				CLANG_WARN_DOCUMENTATION_COMMENTS = YES;
				CLANG_WARN_EMPTY_BODY = YES;
				CLANG_WARN_ENUM_CONVERSION = YES;
				CLANG_WARN_INFINITE_RECURSION = YES;
				CLANG_WARN_INT_CONVERSION = YES;
				CLANG_WARN_NON_LITERAL_NULL_CONVERSION = YES;
				CLANG_WARN_OBJC_IMPLICIT_RETAIN_SELF = YES;
				CLANG_WARN_OBJC_LITERAL_CONVERSION = YES;
				CLANG_WARN_OBJC_ROOT_CLASS = YES_ERROR;
				CLANG_WARN_QUOTED_INCLUDE_IN_FRAMEWORK_HEADER = YES;
				CLANG_WARN_RANGE_LOOP_ANALYSIS = YES;
				CLANG_WARN_STRICT_PROTOTYPES = YES;
				CLANG_WARN_SUSPICIOUS_MOVE = YES;
				CLANG_WARN_UNGUARDED_AVAILABILITY = YES_AGGRESSIVE;
				CLANG_WARN_UNREACHABLE_CODE = YES;
				CLANG_WARN__DUPLICATE_METHOD_MATCH = YES;
				COPY_PHASE_STRIP = NO;
				DEBUG_INFORMATION_FORMAT = "dwarf-with-dsym";
				ENABLE_NS_ASSERTIONS = NO;
				ENABLE_STRICT_OBJC_MSGSEND = YES;
				GCC_C_LANGUAGE_STANDARD = gnu11;
				GCC_NO_COMMON_BLOCKS = YES;
				GCC_WARN_64_TO_32_BIT_CONVERSION = YES;
				GCC_WARN_ABOUT_RETURN_TYPE = YES_ERROR;
				GCC_WARN_UNDECLARED_SELECTOR = YES;
				GCC_WARN_UNINITIALIZED_AUTOS = YES_AGGRESSIVE;
				GCC_WARN_UNUSED_FUNCTION = YES;
				GCC_WARN_UNUSED_VARIABLE = YES;
				IPHONEOS_DEPLOYMENT_TARGET = 16.2;
				MTL_ENABLE_DEBUG_INFO = NO;
				MTL_FAST_MATH = YES;
				SDKROOT = iphoneos;
				SWIFT_COMPILATION_MODE = wholemodule;
				SWIFT_OPTIMIZATION_LEVEL = "-O";
				VALIDATE_PRODUCT = YES;
			};
			name = Release;
		};
		69066A5D29CD9B0200BB9512 /* Debug */ = {
			isa = XCBuildConfiguration;
			buildSettings = {
				ASSETCATALOG_COMPILER_APPICON_NAME = AppIcon;
				ASSETCATALOG_COMPILER_GLOBAL_ACCENT_COLOR_NAME = AccentColor;
				CODE_SIGN_STYLE = Automatic;
				CURRENT_PROJECT_VERSION = 1;
				GENERATE_INFOPLIST_FILE = YES;
				INFOPLIST_FILE = "Kadai7-UIkit/Info.plist";
				INFOPLIST_KEY_UIApplicationSupportsIndirectInputEvents = YES;
				INFOPLIST_KEY_UILaunchStoryboardName = LaunchScreen;
				INFOPLIST_KEY_UIMainStoryboardFile = Main;
				INFOPLIST_KEY_UISupportedInterfaceOrientations_iPad = "UIInterfaceOrientationPortrait UIInterfaceOrientationPortraitUpsideDown UIInterfaceOrientationLandscapeLeft UIInterfaceOrientationLandscapeRight";
				INFOPLIST_KEY_UISupportedInterfaceOrientations_iPhone = "UIInterfaceOrientationPortrait UIInterfaceOrientationLandscapeLeft UIInterfaceOrientationLandscapeRight";
				LD_RUNPATH_SEARCH_PATHS = (
					"$(inherited)",
					"@executable_path/Frameworks",
				);
				MARKETING_VERSION = 1.0;
				PRODUCT_BUNDLE_IDENTIFIER = "com.sako.Kadai7-UIkit";
				PRODUCT_NAME = "$(TARGET_NAME)";
				SWIFT_EMIT_LOC_STRINGS = YES;
				SWIFT_VERSION = 5.0;
				TARGETED_DEVICE_FAMILY = "1,2";
			};
			name = Debug;
		};
		69066A5E29CD9B0200BB9512 /* Release */ = {
			isa = XCBuildConfiguration;
			buildSettings = {
				ASSETCATALOG_COMPILER_APPICON_NAME = AppIcon;
				ASSETCATALOG_COMPILER_GLOBAL_ACCENT_COLOR_NAME = AccentColor;
				CODE_SIGN_STYLE = Automatic;
				CURRENT_PROJECT_VERSION = 1;
				GENERATE_INFOPLIST_FILE = YES;
				INFOPLIST_FILE = "Kadai7-UIkit/Info.plist";
				INFOPLIST_KEY_UIApplicationSupportsIndirectInputEvents = YES;
				INFOPLIST_KEY_UILaunchStoryboardName = LaunchScreen;
				INFOPLIST_KEY_UIMainStoryboardFile = Main;
				INFOPLIST_KEY_UISupportedInterfaceOrientations_iPad = "UIInterfaceOrientationPortrait UIInterfaceOrientationPortraitUpsideDown UIInterfaceOrientationLandscapeLeft UIInterfaceOrientationLandscapeRight";
				INFOPLIST_KEY_UISupportedInterfaceOrientations_iPhone = "UIInterfaceOrientationPortrait UIInterfaceOrientationLandscapeLeft UIInterfaceOrientationLandscapeRight";
				LD_RUNPATH_SEARCH_PATHS = (
					"$(inherited)",
					"@executable_path/Frameworks",
				);
				MARKETING_VERSION = 1.0;
				PRODUCT_BUNDLE_IDENTIFIER = "com.sako.Kadai7-UIkit";
				PRODUCT_NAME = "$(TARGET_NAME)";
				SWIFT_EMIT_LOC_STRINGS = YES;
				SWIFT_VERSION = 5.0;
				TARGETED_DEVICE_FAMILY = "1,2";
			};
			name = Release;
		};
		69066A6029CD9B0200BB9512 /* Debug */ = {
			isa = XCBuildConfiguration;
			buildSettings = {
				ALWAYS_EMBED_SWIFT_STANDARD_LIBRARIES = YES;
				BUNDLE_LOADER = "$(TEST_HOST)";
				CODE_SIGN_STYLE = Automatic;
				CURRENT_PROJECT_VERSION = 1;
				GENERATE_INFOPLIST_FILE = YES;
				IPHONEOS_DEPLOYMENT_TARGET = 16.2;
				MARKETING_VERSION = 1.0;
				PRODUCT_BUNDLE_IDENTIFIER = "com.sako.Kadai7-UIkitTests";
				PRODUCT_NAME = "$(TARGET_NAME)";
				SWIFT_EMIT_LOC_STRINGS = NO;
				SWIFT_VERSION = 5.0;
				TARGETED_DEVICE_FAMILY = "1,2";
				TEST_HOST = "$(BUILT_PRODUCTS_DIR)/Kadai7-UIkit.app/$(BUNDLE_EXECUTABLE_FOLDER_PATH)/Kadai7-UIkit";
			};
			name = Debug;
		};
		69066A6129CD9B0200BB9512 /* Release */ = {
			isa = XCBuildConfiguration;
			buildSettings = {
				ALWAYS_EMBED_SWIFT_STANDARD_LIBRARIES = YES;
				BUNDLE_LOADER = "$(TEST_HOST)";
				CODE_SIGN_STYLE = Automatic;
				CURRENT_PROJECT_VERSION = 1;
				GENERATE_INFOPLIST_FILE = YES;
				IPHONEOS_DEPLOYMENT_TARGET = 16.2;
				MARKETING_VERSION = 1.0;
				PRODUCT_BUNDLE_IDENTIFIER = "com.sako.Kadai7-UIkitTests";
				PRODUCT_NAME = "$(TARGET_NAME)";
				SWIFT_EMIT_LOC_STRINGS = NO;
				SWIFT_VERSION = 5.0;
				TARGETED_DEVICE_FAMILY = "1,2";
				TEST_HOST = "$(BUILT_PRODUCTS_DIR)/Kadai7-UIkit.app/$(BUNDLE_EXECUTABLE_FOLDER_PATH)/Kadai7-UIkit";
			};
			name = Release;
		};
		69066A6329CD9B0200BB9512 /* Debug */ = {
			isa = XCBuildConfiguration;
			buildSettings = {
				ALWAYS_EMBED_SWIFT_STANDARD_LIBRARIES = YES;
				CODE_SIGN_STYLE = Automatic;
				CURRENT_PROJECT_VERSION = 1;
				GENERATE_INFOPLIST_FILE = YES;
				MARKETING_VERSION = 1.0;
				PRODUCT_BUNDLE_IDENTIFIER = "com.sako.Kadai7-UIkitUITests";
				PRODUCT_NAME = "$(TARGET_NAME)";
				SWIFT_EMIT_LOC_STRINGS = NO;
				SWIFT_VERSION = 5.0;
				TARGETED_DEVICE_FAMILY = "1,2";
				TEST_TARGET_NAME = "Kadai7-UIkit";
			};
			name = Debug;
		};
		69066A6429CD9B0200BB9512 /* Release */ = {
			isa = XCBuildConfiguration;
			buildSettings = {
				ALWAYS_EMBED_SWIFT_STANDARD_LIBRARIES = YES;
				CODE_SIGN_STYLE = Automatic;
				CURRENT_PROJECT_VERSION = 1;
				GENERATE_INFOPLIST_FILE = YES;
				MARKETING_VERSION = 1.0;
				PRODUCT_BUNDLE_IDENTIFIER = "com.sako.Kadai7-UIkitUITests";
				PRODUCT_NAME = "$(TARGET_NAME)";
				SWIFT_EMIT_LOC_STRINGS = NO;
				SWIFT_VERSION = 5.0;
				TARGETED_DEVICE_FAMILY = "1,2";
				TEST_TARGET_NAME = "Kadai7-UIkit";
			};
			name = Release;
		};
/* End XCBuildConfiguration section */

/* Begin XCConfigurationList section */
		69066A2D29CD9B0100BB9512 /* Build configuration list for PBXProject "Kadai7-UIkit" */ = {
			isa = XCConfigurationList;
			buildConfigurations = (
				69066A5A29CD9B0200BB9512 /* Debug */,
				69066A5B29CD9B0200BB9512 /* Release */,
			);
			defaultConfigurationIsVisible = 0;
			defaultConfigurationName = Release;
		};
		69066A5C29CD9B0200BB9512 /* Build configuration list for PBXNativeTarget "Kadai7-UIkit" */ = {
			isa = XCConfigurationList;
			buildConfigurations = (
				69066A5D29CD9B0200BB9512 /* Debug */,
				69066A5E29CD9B0200BB9512 /* Release */,
			);
			defaultConfigurationIsVisible = 0;
			defaultConfigurationName = Release;
		};
		69066A5F29CD9B0200BB9512 /* Build configuration list for PBXNativeTarget "Kadai7-UIkitTests" */ = {
			isa = XCConfigurationList;
			buildConfigurations = (
				69066A6029CD9B0200BB9512 /* Debug */,
				69066A6129CD9B0200BB9512 /* Release */,
			);
			defaultConfigurationIsVisible = 0;
			defaultConfigurationName = Release;
		};
		69066A6229CD9B0200BB9512 /* Build configuration list for PBXNativeTarget "Kadai7-UIkitUITests" */ = {
			isa = XCConfigurationList;
			buildConfigurations = (
				69066A6329CD9B0200BB9512 /* Debug */,
				69066A6429CD9B0200BB9512 /* Release */,
			);
			defaultConfigurationIsVisible = 0;
			defaultConfigurationName = Release;
		};
/* End XCConfigurationList section */
	};
	rootObject = 69066A2A29CD9B0100BB9512 /* Project object */;
}
